
Microsoft Visual Studio Solution File, Format Version 12.00
# Visual Studio Version 17
VisualStudioVersion = 17.3.32929.385
MinimumVisualStudioVersion = 10.0.40219.1
Project("{FAE04EC0-301F-11D3-BF4B-00C04F79EFBC}") = "Stored_Procedure", "Stored_Procedure.csproj", "{C2734871-C568-4566-96FB-F2217545F83B}"
EndProject
Project("{FAE04EC0-301F-11D3-BF4B-00C04F79EFBC}") = "BusinessLogicLayer", "..\BusinessLogicLayer\BusinessLogicLayer.csproj", "{9386A143-0070-468E-BCA2-6D414E1B95BC}"
EndProject
Project("{FAE04EC0-301F-11D3-BF4B-00C04F79EFBC}") = "DataLayer", "..\DataLayer\DataLayer.csproj", "{3ADDE2B9-B80C-4577-9AFE-81C37ADC972C}"
EndProject
Project("{FAE04EC0-301F-11D3-BF4B-00C04F79EFBC}") = "Entities", "..\Entities\Entities.csproj", "{71973BD7-266B-4575-A4FA-2F6364A95BDC}"
EndProject
Global
	GlobalSection(SolutionConfigurationPlatforms) = preSolution
		Debug|Any CPU = Debug|Any CPU
		Release|Any CPU = Release|Any CPU
	EndGlobalSection
	GlobalSection(ProjectConfigurationPlatforms) = postSolution
		{C2734871-C568-4566-96FB-F2217545F83B}.Debug|Any CPU.ActiveCfg = Debug|Any CPU
		{C2734871-C568-4566-96FB-F2217545F83B}.Debug|Any CPU.Build.0 = Debug|Any CPU
		{C2734871-C568-4566-96FB-F2217545F83B}.Release|Any CPU.ActiveCfg = Release|Any CPU
		{C2734871-C568-4566-96FB-F2217545F83B}.Release|Any CPU.Build.0 = Release|Any CPU
		{9386A143-0070-468E-BCA2-6D414E1B95BC}.Debug|Any CPU.ActiveCfg = Debug|Any CPU
		{9386A143-0070-468E-BCA2-6D414E1B95BC}.Debug|Any CPU.Build.0 = Debug|Any CPU
		{9386A143-0070-468E-BCA2-6D414E1B95BC}.Release|Any CPU.ActiveCfg = Release|Any CPU
		{9386A143-0070-468E-BCA2-6D414E1B95BC}.Release|Any CPU.Build.0 = Release|Any CPU
		{3ADDE2B9-B80C-4577-9AFE-81C37ADC972C}.Debug|Any CPU.ActiveCfg = Debug|Any CPU
		{3ADDE2B9-B80C-4577-9AFE-81C37ADC972C}.Debug|Any CPU.Build.0 = Debug|Any CPU
		{3ADDE2B9-B80C-4577-9AFE-81C37ADC972C}.Release|Any CPU.ActiveCfg = Release|Any CPU
		{3ADDE2B9-B80C-4577-9AFE-81C37ADC972C}.Release|Any CPU.Build.0 = Release|Any CPU
		{71973BD7-266B-4575-A4FA-2F6364A95BDC}.Debug|Any CPU.ActiveCfg = Debug|Any CPU
		{71973BD7-266B-4575-A4FA-2F6364A95BDC}.Debug|Any CPU.Build.0 = Debug|Any CPU
		{71973BD7-266B-4575-A4FA-2F6364A95BDC}.Release|Any CPU.ActiveCfg = Release|Any CPU
		{71973BD7-266B-4575-A4FA-2F6364A95BDC}.Release|Any CPU.Build.0 = Release|Any CPU
	EndGlobalSection
	GlobalSection(SolutionProperties) = preSolution
		HideSolutionNode = FALSE
	EndGlobalSection
	GlobalSection(ExtensibilityGlobals) = postSolution
		SolutionGuid = {EDE5E495-9147-40CB-B594-E62C76C3A940}
	EndGlobalSection
EndGlobal
